
Microsoft Visual Studio Solution File, Format Version 12.00
# Visual Studio Version 17
VisualStudioVersion = 17.2.32526.322
MinimumVisualStudioVersion = 10.0.40219.1
Project("{FAE04EC0-301F-11D3-BF4B-00C04F79EFBC}") = "FSYRecords.UWP", "FSYRecords\FSYRecords.UWP\FSYRecords.UWP.csproj", "{F98A82F4-64AA-4E65-9A09-C3B161D27EC8}"
EndProject
Project("{FAE04EC0-301F-11D3-BF4B-00C04F79EFBC}") = "FSYRecords.Android", "FSYRecords\FSYRecords.Android\FSYRecords.Android.csproj", "{D25F4E04-150B-4D4C-9B70-839DA0B3A297}"
EndProject
Project("{FAE04EC0-301F-11D3-BF4B-00C04F79EFBC}") = "FSYRecords.iOS", "FSYRecords\FSYRecords.iOS\FSYRecords.iOS.csproj", "{5C7ACD64-581E-4E47-A287-D910DE1166CA}"
EndProject
Project("{FAE04EC0-301F-11D3-BF4B-00C04F79EFBC}") = "FSYRecords", "FSYRecords\FSYRecords\FSYRecords.csproj", "{0D6638DC-163F-4ED6-B908-E2348E453A6C}"
EndProject
Global
	GlobalSection(SolutionConfigurationPlatforms) = preSolution
		Debug|Any CPU = Debug|Any CPU
		Debug|ARM = Debug|ARM
		Debug|iPhone = Debug|iPhone
		Debug|iPhoneSimulator = Debug|iPhoneSimulator
		Debug|x64 = Debug|x64
		Debug|x86 = Debug|x86
		Release|Any CPU = Release|Any CPU
		Release|ARM = Release|ARM
		Release|iPhone = Release|iPhone
		Release|iPhoneSimulator = Release|iPhoneSimulator
		Release|x64 = Release|x64
		Release|x86 = Release|x86
	EndGlobalSection
	GlobalSection(ProjectConfigurationPlatforms) = postSolution
		{F98A82F4-64AA-4E65-9A09-C3B161D27EC8}.Debug|Any CPU.ActiveCfg = Debug|x64
		{F98A82F4-64AA-4E65-9A09-C3B161D27EC8}.Debug|Any CPU.Build.0 = Debug|x64
		{F98A82F4-64AA-4E65-9A09-C3B161D27EC8}.Debug|Any CPU.Deploy.0 = Debug|x64
		{F98A82F4-64AA-4E65-9A09-C3B161D27EC8}.Debug|ARM.ActiveCfg = Debug|ARM
		{F98A82F4-64AA-4E65-9A09-C3B161D27EC8}.Debug|ARM.Build.0 = Debug|ARM
		{F98A82F4-64AA-4E65-9A09-C3B161D27EC8}.Debug|ARM.Deploy.0 = Debug|ARM
		{F98A82F4-64AA-4E65-9A09-C3B161D27EC8}.Debug|iPhone.ActiveCfg = Debug|x64
		{F98A82F4-64AA-4E65-9A09-C3B161D27EC8}.Debug|iPhone.Build.0 = Debug|x64
		{F98A82F4-64AA-4E65-9A09-C3B161D27EC8}.Debug|iPhone.Deploy.0 = Debug|x64
		{F98A82F4-64AA-4E65-9A09-C3B161D27EC8}.Debug|iPhoneSimulator.ActiveCfg = Debug|x64
		{F98A82F4-64AA-4E65-9A09-C3B161D27EC8}.Debug|iPhoneSimulator.Build.0 = Debug|x64
		{F98A82F4-64AA-4E65-9A09-C3B161D27EC8}.Debug|iPhoneSimulator.Deploy.0 = Debug|x64
		{F98A82F4-64AA-4E65-9A09-C3B161D27EC8}.Debug|x64.ActiveCfg = Debug|x64
		{F98A82F4-64AA-4E65-9A09-C3B161D27EC8}.Debug|x64.Build.0 = Debug|x64
		{F98A82F4-64AA-4E65-9A09-C3B161D27EC8}.Debug|x64.Deploy.0 = Debug|x64
		{F98A82F4-64AA-4E65-9A09-C3B161D27EC8}.Debug|x86.ActiveCfg = Debug|x86
		{F98A82F4-64AA-4E65-9A09-C3B161D27EC8}.Debug|x86.Build.0 = Debug|x86
		{F98A82F4-64AA-4E65-9A09-C3B161D27EC8}.Debug|x86.Deploy.0 = Debug|x86
		{F98A82F4-64AA-4E65-9A09-C3B161D27EC8}.Release|Any CPU.ActiveCfg = Release|x64
		{F98A82F4-64AA-4E65-9A09-C3B161D27EC8}.Release|Any CPU.Build.0 = Release|x64
		{F98A82F4-64AA-4E65-9A09-C3B161D27EC8}.Release|Any CPU.Deploy.0 = Release|x64
		{F98A82F4-64AA-4E65-9A09-C3B161D27EC8}.Release|ARM.ActiveCfg = Release|ARM
		{F98A82F4-64AA-4E65-9A09-C3B161D27EC8}.Release|ARM.Build.0 = Release|ARM
		{F98A82F4-64AA-4E65-9A09-C3B161D27EC8}.Release|ARM.Deploy.0 = Release|ARM
		{F98A82F4-64AA-4E65-9A09-C3B161D27EC8}.Release|iPhone.ActiveCfg = Release|x64
		{F98A82F4-64AA-4E65-9A09-C3B161D27EC8}.Release|iPhone.Build.0 = Release|x64
		{F98A82F4-64AA-4E65-9A09-C3B161D27EC8}.Release|iPhone.Deploy.0 = Release|x64
		{F98A82F4-64AA-4E65-9A09-C3B161D27EC8}.Release|iPhoneSimulator.ActiveCfg = Release|x64
		{F98A82F4-64AA-4E65-9A09-C3B161D27EC8}.Release|iPhoneSimulator.Build.0 = Release|x64
		{F98A82F4-64AA-4E65-9A09-C3B161D27EC8}.Release|iPhoneSimulator.Deploy.0 = Release|x64
		{F98A82F4-64AA-4E65-9A09-C3B161D27EC8}.Release|x64.ActiveCfg = Release|x64
		{F98A82F4-64AA-4E65-9A09-C3B161D27EC8}.Release|x64.Build.0 = Release|x64
		{F98A82F4-64AA-4E65-9A09-C3B161D27EC8}.Release|x64.Deploy.0 = Release|x64
		{F98A82F4-64AA-4E65-9A09-C3B161D27EC8}.Release|x86.ActiveCfg = Release|x86
		{F98A82F4-64AA-4E65-9A09-C3B161D27EC8}.Release|x86.Build.0 = Release|x86
		{F98A82F4-64AA-4E65-9A09-C3B161D27EC8}.Release|x86.Deploy.0 = Release|x86
		{D25F4E04-150B-4D4C-9B70-839DA0B3A297}.Debug|Any CPU.ActiveCfg = Debug|Any CPU
		{D25F4E04-150B-4D4C-9B70-839DA0B3A297}.Debug|Any CPU.Build.0 = Debug|Any CPU
		{D25F4E04-150B-4D4C-9B70-839DA0B3A297}.Debug|Any CPU.Deploy.0 = Debug|Any CPU
		{D25F4E04-150B-4D4C-9B70-839DA0B3A297}.Debug|ARM.ActiveCfg = Debug|Any CPU
		{D25F4E04-150B-4D4C-9B70-839DA0B3A297}.Debug|ARM.Build.0 = Debug|Any CPU
		{D25F4E04-150B-4D4C-9B70-839DA0B3A297}.Debug|ARM.Deploy.0 = Debug|Any CPU
		{D25F4E04-150B-4D4C-9B70-839DA0B3A297}.Debug|iPhone.ActiveCfg = Debug|Any CPU
		{D25F4E04-150B-4D4C-9B70-839DA0B3A297}.Debug|iPhone.Build.0 = Debug|Any CPU
		{D25F4E04-150B-4D4C-9B70-839DA0B3A297}.Debug|iPhone.Deploy.0 = Debug|Any CPU
		{D25F4E04-150B-4D4C-9B70-839DA0B3A297}.Debug|iPhoneSimulator.ActiveCfg = Debug|Any CPU
		{D25F4E04-150B-4D4C-9B70-839DA0B3A297}.Debug|iPhoneSimulator.Build.0 = Debug|Any CPU
		{D25F4E04-150B-4D4C-9B70-839DA0B3A297}.Debug|iPhoneSimulator.Deploy.0 = Debug|Any CPU
		{D25F4E04-150B-4D4C-9B70-839DA0B3A297}.Debug|x64.ActiveCfg = Debug|Any CPU
		{D25F4E04-150B-4D4C-9B70-839DA0B3A297}.Debug|x64.Build.0 = Debug|Any CPU
		{D25F4E04-150B-4D4C-9B70-839DA0B3A297}.Debug|x64.Deploy.0 = Debug|Any CPU
		{D25F4E04-150B-4D4C-9B70-839DA0B3A297}.Debug|x86.ActiveCfg = Debug|Any CPU
		{D25F4E04-150B-4D4C-9B70-839DA0B3A297}.Debug|x86.Build.0 = Debug|Any CPU
		{D25F4E04-150B-4D4C-9B70-839DA0B3A297}.Debug|x86.Deploy.0 = Debug|Any CPU
		{D25F4E04-150B-4D4C-9B70-839DA0B3A297}.Release|Any CPU.ActiveCfg = Release|Any CPU
		{D25F4E04-150B-4D4C-9B70-839DA0B3A297}.Release|Any CPU.Build.0 = Release|Any CPU
		{D25F4E04-150B-4D4C-9B70-839DA0B3A297}.Release|Any CPU.Deploy.0 = Release|Any CPU
		{D25F4E04-150B-4D4C-9B70-839DA0B3A297}.Release|ARM.ActiveCfg = Release|Any CPU
		{D25F4E04-150B-4D4C-9B70-839DA0B3A297}.Release|ARM.Build.0 = Release|Any CPU
		{D25F4E04-150B-4D4C-9B70-839DA0B3A297}.Release|ARM.Deploy.0 = Release|Any CPU
		{D25F4E04-150B-4D4C-9B70-839DA0B3A297}.Release|iPhone.ActiveCfg = Release|Any CPU
		{D25F4E04-150B-4D4C-9B70-839DA0B3A297}.Release|iPhone.Build.0 = Release|Any CPU
		{D25F4E04-150B-4D4C-9B70-839DA0B3A297}.Release|iPhone.Deploy.0 = Release|Any CPU
		{D25F4E04-150B-4D4C-9B70-839DA0B3A297}.Release|iPhoneSimulator.ActiveCfg = Release|Any CPU
		{D25F4E04-150B-4D4C-9B70-839DA0B3A297}.Release|iPhoneSimulator.Build.0 = Release|Any CPU
		{D25F4E04-150B-4D4C-9B70-839DA0B3A297}.Release|iPhoneSimulator.Deploy.0 = Release|Any CPU
		{D25F4E04-150B-4D4C-9B70-839DA0B3A297}.Release|x64.ActiveCfg = Release|Any CPU
		{D25F4E04-150B-4D4C-9B70-839DA0B3A297}.Release|x64.Build.0 = Release|Any CPU
		{D25F4E04-150B-4D4C-9B70-839DA0B3A297}.Release|x64.Deploy.0 = Release|Any CPU
		{D25F4E04-150B-4D4C-9B70-839DA0B3A297}.Release|x86.ActiveCfg = Release|Any CPU
		{D25F4E04-150B-4D4C-9B70-839DA0B3A297}.Release|x86.Build.0 = Release|Any CPU
		{D25F4E04-150B-4D4C-9B70-839DA0B3A297}.Release|x86.Deploy.0 = Release|Any CPU
		{5C7ACD64-581E-4E47-A287-D910DE1166CA}.Debug|Any CPU.ActiveCfg = Debug|iPhoneSimulator
		{5C7ACD64-581E-4E47-A287-D910DE1166CA}.Debug|Any CPU.Build.0 = Debug|iPhoneSimulator
		{5C7ACD64-581E-4E47-A287-D910DE1166CA}.Debug|Any CPU.Deploy.0 = Debug|iPhoneSimulator
		{5C7ACD64-581E-4E47-A287-D910DE1166CA}.Debug|ARM.ActiveCfg = Debug|iPhoneSimulator
		{5C7ACD64-581E-4E47-A287-D910DE1166CA}.Debug|ARM.Build.0 = Debug|iPhoneSimulator
		{5C7ACD64-581E-4E47-A287-D910DE1166CA}.Debug|ARM.Deploy.0 = Debug|iPhoneSimulator
		{5C7ACD64-581E-4E47-A287-D910DE1166CA}.Debug|iPhone.ActiveCfg = Debug|iPhone
		{5C7ACD64-581E-4E47-A287-D910DE1166CA}.Debug|iPhone.Build.0 = Debug|iPhone
		{5C7ACD64-581E-4E47-A287-D910DE1166CA}.Debug|iPhone.Deploy.0 = Debug|iPhone
		{5C7ACD64-581E-4E47-A287-D910DE1166CA}.Debug|iPhoneSimulator.ActiveCfg = Debug|iPhoneSimulator
		{5C7ACD64-581E-4E47-A287-D910DE1166CA}.Debug|iPhoneSimulator.Build.0 = Debug|iPhoneSimulator
		{5C7ACD64-581E-4E47-A287-D910DE1166CA}.Debug|iPhoneSimulator.Deploy.0 = Debug|iPhoneSimulator
		{5C7ACD64-581E-4E47-A287-D910DE1166CA}.Debug|x64.ActiveCfg = Debug|iPhone
		{5C7ACD64-581E-4E47-A287-D910DE1166CA}.Debug|x64.Build.0 = Debug|iPhone
		{5C7ACD64-581E-4E47-A287-D910DE1166CA}.Debug|x64.Deploy.0 = Debug|iPhone
		{5C7ACD64-581E-4E47-A287-D910DE1166CA}.Debug|x86.ActiveCfg = Debug|iPhoneSimulator
		{5C7ACD64-581E-4E47-A287-D910DE1166CA}.Debug|x86.Build.0 = Debug|iPhoneSimulator
		{5C7ACD64-581E-4E47-A287-D910DE1166CA}.Debug|x86.Deploy.0 = Debug|iPhoneSimulator
		{5C7ACD64-581E-4E47-A287-D910DE1166CA}.Release|Any CPU.ActiveCfg = Release|iPhoneSimulator
		{5C7ACD64-581E-4E47-A287-D910DE1166CA}.Release|Any CPU.Build.0 = Release|iPhoneSimulator
		{5C7ACD64-581E-4E47-A287-D910DE1166CA}.Release|Any CPU.Deploy.0 = Release|iPhoneSimulator
		{5C7ACD64-581E-4E47-A287-D910DE1166CA}.Release|ARM.ActiveCfg = Release|iPhoneSimulator
		{5C7ACD64-581E-4E47-A287-D910DE1166CA}.Release|ARM.Build.0 = Release|iPhoneSimulator
		{5C7ACD64-581E-4E47-A287-D910DE1166CA}.Release|ARM.Deploy.0 = Release|iPhoneSimulator
		{5C7ACD64-581E-4E47-A287-D910DE1166CA}.Release|iPhone.ActiveCfg = Release|iPhone
		{5C7ACD64-581E-4E47-A287-D910DE1166CA}.Release|iPhone.Build.0 = Release|iPhone
		{5C7ACD64-581E-4E47-A287-D910DE1166CA}.Release|iPhone.Deploy.0 = Release|iPhone
		{5C7ACD64-581E-4E47-A287-D910DE1166CA}.Release|iPhoneSimulator.ActiveCfg = Release|iPhoneSimulator
		{5C7ACD64-581E-4E47-A287-D910DE1166CA}.Release|iPhoneSimulator.Build.0 = Release|iPhoneSimulator
		{5C7ACD64-581E-4E47-A287-D910DE1166CA}.Release|iPhoneSimulator.Deploy.0 = Release|iPhoneSimulator
		{5C7ACD64-581E-4E47-A287-D910DE1166CA}.Release|x64.ActiveCfg = Release|iPhoneSimulator
		{5C7ACD64-581E-4E47-A287-D910DE1166CA}.Release|x64.Build.0 = Release|iPhoneSimulator
		{5C7ACD64-581E-4E47-A287-D910DE1166CA}.Release|x64.Deploy.0 = Release|iPhoneSimulator
		{5C7ACD64-581E-4E47-A287-D910DE1166CA}.Release|x86.ActiveCfg = Release|iPhoneSimulator
		{5C7ACD64-581E-4E47-A287-D910DE1166CA}.Release|x86.Build.0 = Release|iPhoneSimulator
		{5C7ACD64-581E-4E47-A287-D910DE1166CA}.Release|x86.Deploy.0 = Release|iPhoneSimulator
		{0D6638DC-163F-4ED6-B908-E2348E453A6C}.Debug|Any CPU.ActiveCfg = Debug|Any CPU
		{0D6638DC-163F-4ED6-B908-E2348E453A6C}.Debug|Any CPU.Build.0 = Debug|Any CPU
		{0D6638DC-163F-4ED6-B908-E2348E453A6C}.Debug|Any CPU.Deploy.0 = Debug|Any CPU
		{0D6638DC-163F-4ED6-B908-E2348E453A6C}.Debug|ARM.ActiveCfg = Debug|Any CPU
		{0D6638DC-163F-4ED6-B908-E2348E453A6C}.Debug|ARM.Build.0 = Debug|Any CPU
		{0D6638DC-163F-4ED6-B908-E2348E453A6C}.Debug|ARM.Deploy.0 = Debug|Any CPU
		{0D6638DC-163F-4ED6-B908-E2348E453A6C}.Debug|iPhone.ActiveCfg = Debug|Any CPU
		{0D6638DC-163F-4ED6-B908-E2348E453A6C}.Debug|iPhone.Build.0 = Debug|Any CPU
		{0D6638DC-163F-4ED6-B908-E2348E453A6C}.Debug|iPhone.Deploy.0 = Debug|Any CPU
		{0D6638DC-163F-4ED6-B908-E2348E453A6C}.Debug|iPhoneSimulator.ActiveCfg = Debug|Any CPU
		{0D6638DC-163F-4ED6-B908-E2348E453A6C}.Debug|iPhoneSimulator.Build.0 = Debug|Any CPU
		{0D6638DC-163F-4ED6-B908-E2348E453A6C}.Debug|iPhoneSimulator.Deploy.0 = Debug|Any CPU
		{0D6638DC-163F-4ED6-B908-E2348E453A6C}.Debug|x64.ActiveCfg = Debug|Any CPU
		{0D6638DC-163F-4ED6-B908-E2348E453A6C}.Debug|x64.Build.0 = Debug|Any CPU
		{0D6638DC-163F-4ED6-B908-E2348E453A6C}.Debug|x64.Deploy.0 = Debug|Any CPU
		{0D6638DC-163F-4ED6-B908-E2348E453A6C}.Debug|x86.ActiveCfg = Debug|Any CPU
		{0D6638DC-163F-4ED6-B908-E2348E453A6C}.Debug|x86.Build.0 = Debug|Any CPU
		{0D6638DC-163F-4ED6-B908-E2348E453A6C}.Debug|x86.Deploy.0 = Debug|Any CPU
		{0D6638DC-163F-4ED6-B908-E2348E453A6C}.Release|Any CPU.ActiveCfg = Release|Any CPU
		{0D6638DC-163F-4ED6-B908-E2348E453A6C}.Release|Any CPU.Build.0 = Release|Any CPU
		{0D6638DC-163F-4ED6-B908-E2348E453A6C}.Release|Any CPU.Deploy.0 = Release|Any CPU
		{0D6638DC-163F-4ED6-B908-E2348E453A6C}.Release|ARM.ActiveCfg = Release|Any CPU
		{0D6638DC-163F-4ED6-B908-E2348E453A6C}.Release|ARM.Build.0 = Release|Any CPU
		{0D6638DC-163F-4ED6-B908-E2348E453A6C}.Release|ARM.Deploy.0 = Release|Any CPU
		{0D6638DC-163F-4ED6-B908-E2348E453A6C}.Release|iPhone.ActiveCfg = Release|Any CPU
		{0D6638DC-163F-4ED6-B908-E2348E453A6C}.Release|iPhone.Build.0 = Release|Any CPU
		{0D6638DC-163F-4ED6-B908-E2348E453A6C}.Release|iPhone.Deploy.0 = Release|Any CPU
		{0D6638DC-163F-4ED6-B908-E2348E453A6C}.Release|iPhoneSimulator.ActiveCfg = Release|Any CPU
		{0D6638DC-163F-4ED6-B908-E2348E453A6C}.Release|iPhoneSimulator.Build.0 = Release|Any CPU
		{0D6638DC-163F-4ED6-B908-E2348E453A6C}.Release|iPhoneSimulator.Deploy.0 = Release|Any CPU
		{0D6638DC-163F-4ED6-B908-E2348E453A6C}.Release|x64.ActiveCfg = Release|Any CPU
		{0D6638DC-163F-4ED6-B908-E2348E453A6C}.Release|x64.Build.0 = Release|Any CPU
		{0D6638DC-163F-4ED6-B908-E2348E453A6C}.Release|x64.Deploy.0 = Release|Any CPU
		{0D6638DC-163F-4ED6-B908-E2348E453A6C}.Release|x86.ActiveCfg = Release|Any CPU
		{0D6638DC-163F-4ED6-B908-E2348E453A6C}.Release|x86.Build.0 = Release|Any CPU
		{0D6638DC-163F-4ED6-B908-E2348E453A6C}.Release|x86.Deploy.0 = Release|Any CPU
	EndGlobalSection
	GlobalSection(SolutionProperties) = preSolution
		HideSolutionNode = FALSE
	EndGlobalSection
	GlobalSection(ExtensibilityGlobals) = postSolution
		SolutionGuid = {6DBB0B1D-43EA-4206-842E-6BD5F7BCB8EC}
	EndGlobalSection
EndGlobal
